// !$*UTF8*$!
{
	archiveVersion = 1;
	classes = {
	};
	objectVersion = 50;
	objects = {

/* Begin PBXBuildFile section */
		364799C82334E8FD001A7DB8 /* SWRevealViewController.m in Sources */ = {isa = PBXBuildFile; fileRef = 364799C62334E8FD001A7DB8 /* SWRevealViewController.m */; };
		364799CA2334E9CF001A7DB8 /* HomeViewController.swift in Sources */ = {isa = PBXBuildFile; fileRef = 364799C92334E9CF001A7DB8 /* HomeViewController.swift */; };
		369563432330DA8A00748135 /* AppDelegate.swift in Sources */ = {isa = PBXBuildFile; fileRef = 369563422330DA8A00748135 /* AppDelegate.swift */; };
		369563482330DA8A00748135 /* Main.storyboard in Resources */ = {isa = PBXBuildFile; fileRef = 369563462330DA8A00748135 /* Main.storyboard */; };
		3695634A2330DA8C00748135 /* Assets.xcassets in Resources */ = {isa = PBXBuildFile; fileRef = 369563492330DA8C00748135 /* Assets.xcassets */; };
		3695634D2330DA8C00748135 /* LaunchScreen.storyboard in Resources */ = {isa = PBXBuildFile; fileRef = 3695634B2330DA8C00748135 /* LaunchScreen.storyboard */; };
		369563592330DB4900748135 /* MenuController.swift in Sources */ = {isa = PBXBuildFile; fileRef = 369563582330DB4900748135 /* MenuController.swift */; };
		3695635B2330DB5B00748135 /* ContainerController.swift in Sources */ = {isa = PBXBuildFile; fileRef = 3695635A2330DB5B00748135 /* ContainerController.swift */; };
		3695635D2330DB6C00748135 /* HomeController.swift in Sources */ = {isa = PBXBuildFile; fileRef = 3695635C2330DB6C00748135 /* HomeController.swift */; };
		3695635F2330E6CA00748135 /* Protocols.swift in Sources */ = {isa = PBXBuildFile; fileRef = 3695635E2330E6CA00748135 /* Protocols.swift */; };
		369563612330EDF300748135 /* MenuOptionCell.swift in Sources */ = {isa = PBXBuildFile; fileRef = 369563602330EDF300748135 /* MenuOptionCell.swift */; };
		369563632330FF4900748135 /* MenuOption.swift in Sources */ = {isa = PBXBuildFile; fileRef = 369563622330FF4900748135 /* MenuOption.swift */; };
		3695636523310BDD00748135 /* SettingViewController.swift in Sources */ = {isa = PBXBuildFile; fileRef = 3695636423310BDD00748135 /* SettingViewController.swift */; };
/* End PBXBuildFile section */

/* Begin PBXFileReference section */
		364799C52334E8FC001A7DB8 /* SideMenu-Bridging-Header.h */ = {isa = PBXFileReference; lastKnownFileType = sourcecode.c.h; path = "SideMenu-Bridging-Header.h"; sourceTree = "<group>"; };
		364799C62334E8FD001A7DB8 /* SWRevealViewController.m */ = {isa = PBXFileReference; fileEncoding = 4; lastKnownFileType = sourcecode.c.objc; path = SWRevealViewController.m; sourceTree = "<group>"; };
		364799C72334E8FD001A7DB8 /* SWRevealViewController.h */ = {isa = PBXFileReference; fileEncoding = 4; lastKnownFileType = sourcecode.c.h; path = SWRevealViewController.h; sourceTree = "<group>"; };
		364799C92334E9CF001A7DB8 /* HomeViewController.swift */ = {isa = PBXFileReference; lastKnownFileType = sourcecode.swift; path = HomeViewController.swift; sourceTree = "<group>"; };
		3695633F2330DA8A00748135 /* SideMenu.app */ = {isa = PBXFileReference; explicitFileType = wrapper.application; includeInIndex = 0; path = SideMenu.app; sourceTree = BUILT_PRODUCTS_DIR; };
		369563422330DA8A00748135 /* AppDelegate.swift */ = {isa = PBXFileReference; lastKnownFileType = sourcecode.swift; path = AppDelegate.swift; sourceTree = "<group>"; };
		369563472330DA8A00748135 /* Base */ = {isa = PBXFileReference; lastKnownFileType = file.storyboard; name = Base; path = Base.lproj/Main.storyboard; sourceTree = "<group>"; };
		369563492330DA8C00748135 /* Assets.xcassets */ = {isa = PBXFileReference; lastKnownFileType = folder.assetcatalog; path = Assets.xcassets; sourceTree = "<group>"; };
		3695634C2330DA8C00748135 /* Base */ = {isa = PBXFileReference; lastKnownFileType = file.storyboard; name = Base; path = Base.lproj/LaunchScreen.storyboard; sourceTree = "<group>"; };
		3695634E2330DA8C00748135 /* Info.plist */ = {isa = PBXFileReference; lastKnownFileType = text.plist.xml; path = Info.plist; sourceTree = "<group>"; };
		369563582330DB4900748135 /* MenuController.swift */ = {isa = PBXFileReference; lastKnownFileType = sourcecode.swift; path = MenuController.swift; sourceTree = "<group>"; };
		3695635A2330DB5B00748135 /* ContainerController.swift */ = {isa = PBXFileReference; lastKnownFileType = sourcecode.swift; path = ContainerController.swift; sourceTree = "<group>"; };
		3695635C2330DB6C00748135 /* HomeController.swift */ = {isa = PBXFileReference; lastKnownFileType = sourcecode.swift; path = HomeController.swift; sourceTree = "<group>"; };
		3695635E2330E6CA00748135 /* Protocols.swift */ = {isa = PBXFileReference; lastKnownFileType = sourcecode.swift; path = Protocols.swift; sourceTree = "<group>"; };
		369563602330EDF300748135 /* MenuOptionCell.swift */ = {isa = PBXFileReference; lastKnownFileType = sourcecode.swift; path = MenuOptionCell.swift; sourceTree = "<group>"; };
		369563622330FF4900748135 /* MenuOption.swift */ = {isa = PBXFileReference; lastKnownFileType = sourcecode.swift; path = MenuOption.swift; sourceTree = "<group>"; };
		3695636423310BDD00748135 /* SettingViewController.swift */ = {isa = PBXFileReference; lastKnownFileType = sourcecode.swift; path = SettingViewController.swift; sourceTree = "<group>"; };
/* End PBXFileReference section */

/* Begin PBXFrameworksBuildPhase section */
		3695633C2330DA8A00748135 /* Frameworks */ = {
			isa = PBXFrameworksBuildPhase;
			buildActionMask = 2147483647;
			files = (
			);
			runOnlyForDeploymentPostprocessing = 0;
		};
/* End PBXFrameworksBuildPhase section */

/* Begin PBXGroup section */
		369563362330DA8A00748135 = {
			isa = PBXGroup;
			children = (
				369563412330DA8A00748135 /* SideMenu */,
				369563402330DA8A00748135 /* Products */,
			);
			sourceTree = "<group>";
		};
		369563402330DA8A00748135 /* Products */ = {
			isa = PBXGroup;
			children = (
				3695633F2330DA8A00748135 /* SideMenu.app */,
			);
			name = Products;
			sourceTree = "<group>";
		};
		369563412330DA8A00748135 /* SideMenu */ = {
			isa = PBXGroup;
			children = (
				36A13FA52332207100D9B833 /* NavigationDrawer */,
				369563572330DAA000748135 /* Utils */,
				369563562330DA9E00748135 /* View */,
				369563552330DA9C00748135 /* Model */,
				369563542330DA9A00748135 /* Controller */,
				369563422330DA8A00748135 /* AppDelegate.swift */,
				369563462330DA8A00748135 /* Main.storyboard */,
				369563492330DA8C00748135 /* Assets.xcassets */,
				3695634B2330DA8C00748135 /* LaunchScreen.storyboard */,
				3695634E2330DA8C00748135 /* Info.plist */,
			);
			path = SideMenu;
			sourceTree = "<group>";
		};
		369563542330DA9A00748135 /* Controller */ = {
			isa = PBXGroup;
			children = (
				3695635C2330DB6C00748135 /* HomeController.swift */,
				364799C72334E8FD001A7DB8 /* SWRevealViewController.h */,
				364799C62334E8FD001A7DB8 /* SWRevealViewController.m */,
				3695636423310BDD00748135 /* SettingViewController.swift */,
				364799C52334E8FC001A7DB8 /* SideMenu-Bridging-Header.h */,
				364799C92334E9CF001A7DB8 /* HomeViewController.swift */,
			);
			path = Controller;
			sourceTree = "<group>";
		};
		369563552330DA9C00748135 /* Model */ = {
			isa = PBXGroup;
			children = (
				369563622330FF4900748135 /* MenuOption.swift */,
			);
			path = Model;
			sourceTree = "<group>";
		};
		369563562330DA9E00748135 /* View */ = {
			isa = PBXGroup;
			children = (
				369563602330EDF300748135 /* MenuOptionCell.swift */,
			);
			path = View;
			sourceTree = "<group>";
		};
		369563572330DAA000748135 /* Utils */ = {
			isa = PBXGroup;
			children = (
				3695635E2330E6CA00748135 /* Protocols.swift */,
			);
			path = Utils;
			sourceTree = "<group>";
		};
		36A13FA52332207100D9B833 /* NavigationDrawer */ = {
			isa = PBXGroup;
			children = (
				369563582330DB4900748135 /* MenuController.swift */,
				3695635A2330DB5B00748135 /* ContainerController.swift */,
			);
			path = NavigationDrawer;
			sourceTree = "<group>";
		};
/* End PBXGroup section */

/* Begin PBXNativeTarget section */
		3695633E2330DA8A00748135 /* SideMenu */ = {
			isa = PBXNativeTarget;
			buildConfigurationList = 369563512330DA8C00748135 /* Build configuration list for PBXNativeTarget "SideMenu" */;
			buildPhases = (
				3695633B2330DA8A00748135 /* Sources */,
				3695633C2330DA8A00748135 /* Frameworks */,
				3695633D2330DA8A00748135 /* Resources */,
			);
			buildRules = (
			);
			dependencies = (
			);
			name = SideMenu;
			productName = SideMenu;
			productReference = 3695633F2330DA8A00748135 /* SideMenu.app */;
			productType = "com.apple.product-type.application";
		};
/* End PBXNativeTarget section */

/* Begin PBXProject section */
		369563372330DA8A00748135 /* Project object */ = {
			isa = PBXProject;
			attributes = {
				LastSwiftUpdateCheck = 1000;
				LastUpgradeCheck = 1000;
				ORGANIZATIONNAME = "Dheeraj Arora";
				TargetAttributes = {
					3695633E2330DA8A00748135 = {
						CreatedOnToolsVersion = 10.0;
						LastSwiftMigration = 1000;
					};
				};
			};
			buildConfigurationList = 3695633A2330DA8A00748135 /* Build configuration list for PBXProject "SideMenu" */;
			compatibilityVersion = "Xcode 9.3";
			developmentRegion = en;
			hasScannedForEncodings = 0;
			knownRegions = (
				en,
				Base,
			);
			mainGroup = 369563362330DA8A00748135;
			productRefGroup = 369563402330DA8A00748135 /* Products */;
			projectDirPath = "";
			projectRoot = "";
			targets = (
				3695633E2330DA8A00748135 /* SideMenu */,
			);
		};
/* End PBXProject section */

/* Begin PBXResourcesBuildPhase section */
		3695633D2330DA8A00748135 /* Resources */ = {
			isa = PBXResourcesBuildPhase;
			buildActionMask = 2147483647;
			files = (
				3695634D2330DA8C00748135 /* LaunchScreen.storyboard in Resources */,
				3695634A2330DA8C00748135 /* Assets.xcassets in Resources */,
				369563482330DA8A00748135 /* Main.storyboard in Resources */,
			);
			runOnlyForDeploymentPostprocessing = 0;
		};
/* End PBXResourcesBuildPhase section */

/* Begin PBXSourcesBuildPhase section */
		3695633B2330DA8A00748135 /* Sources */ = {
			isa = PBXSourcesBuildPhase;
			buildActionMask = 2147483647;
			files = (
				3695635F2330E6CA00748135 /* Protocols.swift in Sources */,
				369563612330EDF300748135 /* MenuOptionCell.swift in Sources */,
				369563632330FF4900748135 /* MenuOption.swift in Sources */,
				3695636523310BDD00748135 /* SettingViewController.swift in Sources */,
				369563592330DB4900748135 /* MenuController.swift in Sources */,
				364799CA2334E9CF001A7DB8 /* HomeViewController.swift in Sources */,
				364799C82334E8FD001A7DB8 /* SWRevealViewController.m in Sources */,
				369563432330DA8A00748135 /* AppDelegate.swift in Sources */,
				3695635B2330DB5B00748135 /* ContainerController.swift in Sources */,
				3695635D2330DB6C00748135 /* HomeController.swift in Sources */,
			);
			runOnlyForDeploymentPostprocessing = 0;
		};
/* End PBXSourcesBuildPhase section */

/* Begin PBXVariantGroup section */
		369563462330DA8A00748135 /* Main.storyboard */ = {
			isa = PBXVariantGroup;
			children = (
				369563472330DA8A00748135 /* Base */,
			);
			name = Main.storyboard;
			sourceTree = "<group>";
		};
		3695634B2330DA8C00748135 /* LaunchScreen.storyboard */ = {
			isa = PBXVariantGroup;
			children = (
				3695634C2330DA8C00748135 /* Base */,
			);
			name = LaunchScreen.storyboard;
			sourceTree = "<group>";
		};
/* End PBXVariantGroup section */

/* Begin XCBuildConfiguration section */
		3695634F2330DA8C00748135 /* Debug */ = {
			isa = XCBuildConfiguration;
			buildSettings = {
				ALWAYS_SEARCH_USER_PATHS = NO;
				CLANG_ANALYZER_NONNULL = YES;
				CLANG_ANALYZER_NUMBER_OBJECT_CONVERSION = YES_AGGRESSIVE;
				CLANG_CXX_LANGUAGE_STANDARD = "gnu++14";
				CLANG_CXX_LIBRARY = "libc++";
				CLANG_ENABLE_MODULES = YES;
				CLANG_ENABLE_OBJC_ARC = YES;
				CLANG_ENABLE_OBJC_WEAK = YES;
				CLANG_WARN_BLOCK_CAPTURE_AUTORELEASING = YES;
				CLANG_WARN_BOOL_CONVERSION = YES;
				CLANG_WARN_COMMA = YES;
				CLANG_WARN_CONSTANT_CONVERSION = YES;
				CLANG_WARN_DEPRECATED_OBJC_IMPLEMENTATIONS = YES;
				CLANG_WARN_DIRECT_OBJC_ISA_USAGE = YES_ERROR;
				CLANG_WARN_DOCUMENTATION_COMMENTS = YES;
				CLANG_WARN_EMPTY_BODY = YES;
				CLANG_WARN_ENUM_CONVERSION = YES;
				CLANG_WARN_INFINITE_RECURSION = YES;
				CLANG_WARN_INT_CONVERSION = YES;
				CLANG_WARN_NON_LITERAL_NULL_CONVERSION = YES;
				CLANG_WARN_OBJC_IMPLICIT_RETAIN_SELF = YES;
				CLANG_WARN_OBJC_LITERAL_CONVERSION = YES;
				CLANG_WARN_OBJC_ROOT_CLASS = YES_ERROR;
				CLANG_WARN_RANGE_LOOP_ANALYSIS = YES;
				CLANG_WARN_STRICT_PROTOTYPES = YES;
				CLANG_WARN_SUSPICIOUS_MOVE = YES;
				CLANG_WARN_UNGUARDED_AVAILABILITY = YES_AGGRESSIVE;
				CLANG_WARN_UNREACHABLE_CODE = YES;
				CLANG_WARN__DUPLICATE_METHOD_MATCH = YES;
				CODE_SIGN_IDENTITY = "iPhone Developer";
				COPY_PHASE_STRIP = NO;
				DEBUG_INFORMATION_FORMAT = dwarf;
				ENABLE_STRICT_OBJC_MSGSEND = YES;
				ENABLE_TESTABILITY = YES;
				GCC_C_LANGUAGE_STANDARD = gnu11;
				GCC_DYNAMIC_NO_PIC = NO;
				GCC_NO_COMMON_BLOCKS = YES;
				GCC_OPTIMIZATION_LEVEL = 0;
				GCC_PREPROCESSOR_DEFINITIONS = (
					"DEBUG=1",
					"$(inherited)",
				);
				GCC_WARN_64_TO_32_BIT_CONVERSION = YES;
				GCC_WARN_ABOUT_RETURN_TYPE = YES_ERROR;
				GCC_WARN_UNDECLARED_SELECTOR = YES;
				GCC_WARN_UNINITIALIZED_AUTOS = YES_AGGRESSIVE;
				GCC_WARN_UNUSED_FUNCTION = YES;
				GCC_WARN_UNUSED_VARIABLE = YES;
				IPHONEOS_DEPLOYMENT_TARGET = 12.0;
				MTL_ENABLE_DEBUG_INFO = INCLUDE_SOURCE;
				MTL_FAST_MATH = YES;
				ONLY_ACTIVE_ARCH = YES;
				SDKROOT = iphoneos;
				SWIFT_ACTIVE_COMPILATION_CONDITIONS = DEBUG;
				SWIFT_OPTIMIZATION_LEVEL = "-Onone";
			};
			name = Debug;
		};
		369563502330DA8C00748135 /* Release */ = {
			isa = XCBuildConfiguration;
			buildSettings = {
				ALWAYS_SEARCH_USER_PATHS = NO;
				CLANG_ANALYZER_NONNULL = YES;
				CLANG_ANALYZER_NUMBER_OBJECT_CONVERSION = YES_AGGRESSIVE;
				CLANG_CXX_LANGUAGE_STANDARD = "gnu++14";
				CLANG_CXX_LIBRARY = "libc++";
				CLANG_ENABLE_MODULES = YES;
				CLANG_ENABLE_OBJC_ARC = YES;
				CLANG_ENABLE_OBJC_WEAK = YES;
				CLANG_WARN_BLOCK_CAPTURE_AUTORELEASING = YES;
				CLANG_WARN_BOOL_CONVERSION = YES;
				CLANG_WARN_COMMA = YES;
				CLANG_WARN_CONSTANT_CONVERSION = YES;
				CLANG_WARN_DEPRECATED_OBJC_IMPLEMENTATIONS = YES;
				CLANG_WARN_DIRECT_OBJC_ISA_USAGE = YES_ERROR;
				CLANG_WARN_DOCUMENTATION_COMMENTS = YES;
				CLANG_WARN_EMPTY_BODY = YES;
				CLANG_WARN_ENUM_CONVERSION = YES;
				CLANG_WARN_INFINITE_RECURSION = YES;
				CLANG_WARN_INT_CONVERSION = YES;
				CLANG_WARN_NON_LITERAL_NULL_CONVERSION = YES;
				CLANG_WARN_OBJC_IMPLICIT_RETAIN_SELF = YES;
				CLANG_WARN_OBJC_LITERAL_CONVERSION = YES;
				CLANG_WARN_OBJC_ROOT_CLASS = YES_ERROR;
				CLANG_WARN_RANGE_LOOP_ANALYSIS = YES;
				CLANG_WARN_STRICT_PROTOTYPES = YES;
				CLANG_WARN_SUSPICIOUS_MOVE = YES;
				CLANG_WARN_UNGUARDED_AVAILABILITY = YES_AGGRESSIVE;
				CLANG_WARN_UNREACHABLE_CODE = YES;
				CLANG_WARN__DUPLICATE_METHOD_MATCH = YES;
				CODE_SIGN_IDENTITY = "iPhone Developer";
				COPY_PHASE_STRIP = NO;
				DEBUG_INFORMATION_FORMAT = "dwarf-with-dsym";
				ENABLE_NS_ASSERTIONS = NO;
				ENABLE_STRICT_OBJC_MSGSEND = YES;
				GCC_C_LANGUAGE_STANDARD = gnu11;
				GCC_NO_COMMON_BLOCKS = YES;
				GCC_WARN_64_TO_32_BIT_CONVERSION = YES;
				GCC_WARN_ABOUT_RETURN_TYPE = YES_ERROR;
				GCC_WARN_UNDECLARED_SELECTOR = YES;
				GCC_WARN_UNINITIALIZED_AUTOS = YES_AGGRESSIVE;
				GCC_WARN_UNUSED_FUNCTION = YES;
				GCC_WARN_UNUSED_VARIABLE = YES;
				IPHONEOS_DEPLOYMENT_TARGET = 12.0;
				MTL_ENABLE_DEBUG_INFO = NO;
				MTL_FAST_MATH = YES;
				SDKROOT = iphoneos;
				SWIFT_COMPILATION_MODE = wholemodule;
				SWIFT_OPTIMIZATION_LEVEL = "-O";
				VALIDATE_PRODUCT = YES;
			};
			name = Release;
		};
		369563522330DA8C00748135 /* Debug */ = {
			isa = XCBuildConfiguration;
			buildSettings = {
				ASSETCATALOG_COMPILER_APPICON_NAME = AppIcon;
				CLANG_ENABLE_MODULES = YES;
				CODE_SIGN_STYLE = Automatic;
				DEVELOPMENT_TEAM = 3KAF34TYV9;
				INFOPLIST_FILE = SideMenu/Info.plist;
				IPHONEOS_DEPLOYMENT_TARGET = 11.0;
				LD_RUNPATH_SEARCH_PATHS = (
					"$(inherited)",
					"@executable_path/Frameworks",
				);
				PRODUCT_BUNDLE_IDENTIFIER = com.monet.SideMenu;
				PRODUCT_NAME = "$(TARGET_NAME)";
				SWIFT_OBJC_BRIDGING_HEADER = "SideMenu/Controller/SideMenu-Bridging-Header.h";
				SWIFT_OPTIMIZATION_LEVEL = "-Onone";
				SWIFT_VERSION = 4.2;
				TARGETED_DEVICE_FAMILY = "1,2";
			};
			name = Debug;
		};
		369563532330DA8C00748135 /* Release */ = {
			isa = XCBuildConfiguration;
			buildSettings = {
				ASSETCATALOG_COMPILER_APPICON_NAME = AppIcon;
				CLANG_ENABLE_MODULES = YES;
				CODE_SIGN_STYLE = Automatic;
				DEVELOPMENT_TEAM = 3KAF34TYV9;
				INFOPLIST_FILE = SideMenu/Info.plist;
				IPHONEOS_DEPLOYMENT_TARGET = 11.0;
				LD_RUNPATH_SEARCH_PATHS = (
					"$(inherited)",
					"@executable_path/Frameworks",
				);
				PRODUCT_BUNDLE_IDENTIFIER = com.monet.SideMenu;
				PRODUCT_NAME = "$(TARGET_NAME)";
				SWIFT_OBJC_BRIDGING_HEADER = "SideMenu/Controller/SideMenu-Bridging-Header.h";
				SWIFT_VERSION = 4.2;
				TARGETED_DEVICE_FAMILY = "1,2";
			};
			name = Release;
		};
/* End XCBuildConfiguration section */

/* Begin XCConfigurationList section */
		3695633A2330DA8A00748135 /* Build configuration list for PBXProject "SideMenu" */ = {
			isa = XCConfigurationList;
			buildConfigurations = (
				3695634F2330DA8C00748135 /* Debug */,
				369563502330DA8C00748135 /* Release */,
			);
			defaultConfigurationIsVisible = 0;
			defaultConfigurationName = Release;
		};
		369563512330DA8C00748135 /* Build configuration list for PBXNativeTarget "SideMenu" */ = {
			isa = XCConfigurationList;
			buildConfigurations = (
				369563522330DA8C00748135 /* Debug */,
				369563532330DA8C00748135 /* Release */,
			);
			defaultConfigurationIsVisible = 0;
			defaultConfigurationName = Release;
		};
/* End XCConfigurationList section */
	};
	rootObject = 369563372330DA8A00748135 /* Project object */;
}
